
Microsoft Visual Studio Solution File, Format Version 12.00
# Visual Studio Version 16
VisualStudioVersion = 16.0.28803.352
MinimumVisualStudioVersion = 10.0.40219.1
Project("{2150E333-8FDC-42A3-9474-1A3956D46DE8}") = "Core", "Core", "{C23C2EA6-CE58-4700-A15F-29C691F37686}"
EndProject
Project("{2150E333-8FDC-42A3-9474-1A3956D46DE8}") = "Infrastructure", "Infrastructure", "{B3D4A276-8FA0-412B-AFC5-1FF61E48EB43}"
EndProject
Project("{2150E333-8FDC-42A3-9474-1A3956D46DE8}") = "Presentation", "Presentation", "{01978664-2455-4DC1-B0A6-C67817070BCD}"
EndProject
Project("{9A19103F-16F7-4668-BE54-9A1E7A4F7556}") = "Syriatech.Domain", "Syriatech.Domain\Syriatech.Domain.csproj", "{9FFB9516-8101-471B-A2D5-2A8D8BF63C42}"
EndProject
Project("{9A19103F-16F7-4668-BE54-9A1E7A4F7556}") = "Syriatech.Application", "Syriatech.Application\Syriatech.Application.csproj", "{BDF3E9BE-CE82-4684-B29F-A9D296C39EF7}"
EndProject
Project("{9A19103F-16F7-4668-BE54-9A1E7A4F7556}") = "Syriatech.Persistence", "Syriatech.Persistence\Syriatech.Persistence.csproj", "{87C1D5E9-A48C-4AC5-8BF4-70C307414820}"
EndProject
Project("{9A19103F-16F7-4668-BE54-9A1E7A4F7556}") = "Syriatech.WebUI", "Syriatech.WebUI\Syriatech.WebUI.csproj", "{849ABAEC-6EC0-4F16-8967-70C44E2826F5}"
EndProject
Global
	GlobalSection(SolutionConfigurationPlatforms) = preSolution
		Debug|Any CPU = Debug|Any CPU
		Release|Any CPU = Release|Any CPU
	EndGlobalSection
	GlobalSection(ProjectConfigurationPlatforms) = postSolution
		{9FFB9516-8101-471B-A2D5-2A8D8BF63C42}.Debug|Any CPU.ActiveCfg = Debug|Any CPU
		{9FFB9516-8101-471B-A2D5-2A8D8BF63C42}.Debug|Any CPU.Build.0 = Debug|Any CPU
		{9FFB9516-8101-471B-A2D5-2A8D8BF63C42}.Release|Any CPU.ActiveCfg = Release|Any CPU
		{9FFB9516-8101-471B-A2D5-2A8D8BF63C42}.Release|Any CPU.Build.0 = Release|Any CPU
		{BDF3E9BE-CE82-4684-B29F-A9D296C39EF7}.Debug|Any CPU.ActiveCfg = Debug|Any CPU
		{BDF3E9BE-CE82-4684-B29F-A9D296C39EF7}.Debug|Any CPU.Build.0 = Debug|Any CPU
		{BDF3E9BE-CE82-4684-B29F-A9D296C39EF7}.Release|Any CPU.ActiveCfg = Release|Any CPU
		{BDF3E9BE-CE82-4684-B29F-A9D296C39EF7}.Release|Any CPU.Build.0 = Release|Any CPU
		{87C1D5E9-A48C-4AC5-8BF4-70C307414820}.Debug|Any CPU.ActiveCfg = Debug|Any CPU
		{87C1D5E9-A48C-4AC5-8BF4-70C307414820}.Debug|Any CPU.Build.0 = Debug|Any CPU
		{87C1D5E9-A48C-4AC5-8BF4-70C307414820}.Release|Any CPU.ActiveCfg = Release|Any CPU
		{87C1D5E9-A48C-4AC5-8BF4-70C307414820}.Release|Any CPU.Build.0 = Release|Any CPU
		{849ABAEC-6EC0-4F16-8967-70C44E2826F5}.Debug|Any CPU.ActiveCfg = Debug|Any CPU
		{849ABAEC-6EC0-4F16-8967-70C44E2826F5}.Debug|Any CPU.Build.0 = Debug|Any CPU
		{849ABAEC-6EC0-4F16-8967-70C44E2826F5}.Release|Any CPU.ActiveCfg = Release|Any CPU
		{849ABAEC-6EC0-4F16-8967-70C44E2826F5}.Release|Any CPU.Build.0 = Release|Any CPU
	EndGlobalSection
	GlobalSection(SolutionProperties) = preSolution
		HideSolutionNode = FALSE
	EndGlobalSection
	GlobalSection(NestedProjects) = preSolution
		{9FFB9516-8101-471B-A2D5-2A8D8BF63C42} = {C23C2EA6-CE58-4700-A15F-29C691F37686}
		{BDF3E9BE-CE82-4684-B29F-A9D296C39EF7} = {C23C2EA6-CE58-4700-A15F-29C691F37686}
		{87C1D5E9-A48C-4AC5-8BF4-70C307414820} = {B3D4A276-8FA0-412B-AFC5-1FF61E48EB43}
		{849ABAEC-6EC0-4F16-8967-70C44E2826F5} = {01978664-2455-4DC1-B0A6-C67817070BCD}
	EndGlobalSection
	GlobalSection(ExtensibilityGlobals) = postSolution
		SolutionGuid = {CDAAA762-0589-49EB-B953-C3A88353E118}
	EndGlobalSection
EndGlobal
